
Microsoft Visual Studio Solution File, Format Version 12.00
# Visual Studio Version 17
VisualStudioVersion = 17.9.34622.214
MinimumVisualStudioVersion = 10.0.40219.1
Project("{9A19103F-16F7-4668-BE54-9A1E7A4F7556}") = "Arduino_WPF", "Arduino_WPF\Arduino_WPF.csproj", "{CAFDCBE3-C692-4A0B-9E92-8D652E2A3926}"
EndProject
Global
	GlobalSection(SolutionConfigurationPlatforms) = preSolution
		Debug|Any CPU = Debug|Any CPU
		Release|Any CPU = Release|Any CPU
	EndGlobalSection
	GlobalSection(ProjectConfigurationPlatforms) = postSolution
		{CAFDCBE3-C692-4A0B-9E92-8D652E2A3926}.Debug|Any CPU.ActiveCfg = Debug|Any CPU
		{CAFDCBE3-C692-4A0B-9E92-8D652E2A3926}.Debug|Any CPU.Build.0 = Debug|Any CPU
		{CAFDCBE3-C692-4A0B-9E92-8D652E2A3926}.Release|Any CPU.ActiveCfg = Debug|Any CPU
		{CAFDCBE3-C692-4A0B-9E92-8D652E2A3926}.Release|Any CPU.Build.0 = Debug|Any CPU
	EndGlobalSection
	GlobalSection(SolutionProperties) = preSolution
		HideSolutionNode = FALSE
	EndGlobalSection
	GlobalSection(ExtensibilityGlobals) = postSolution
		SolutionGuid = {DFE412DA-77AB-4C9A-8D7A-14DC8A1D1E9D}
	EndGlobalSection
EndGlobal
